
Microsoft Visual Studio Solution File, Format Version 12.00
# Visual Studio 15
VisualStudioVersion = 15.0.27130.2027
MinimumVisualStudioVersion = 10.0.40219.1
Project("{FAE04EC0-301F-11D3-BF4B-00C04F79EFBC}") = "AllReady.Processing", "AllReady.Processing\AllReady.Processing.csproj", "{C619B518-08A3-4CFC-BC22-CB0B4A63CB31}"
EndProject
Global
	GlobalSection(SolutionConfigurationPlatforms) = preSolution
		Debug|Any CPU = Debug|Any CPU
		Release|Any CPU = Release|Any CPU
	EndGlobalSection
	GlobalSection(ProjectConfigurationPlatforms) = postSolution
		{C619B518-08A3-4CFC-BC22-CB0B4A63CB31}.Debug|Any CPU.ActiveCfg = Debug|Any CPU
		{C619B518-08A3-4CFC-BC22-CB0B4A63CB31}.Debug|Any CPU.Build.0 = Debug|Any CPU
		{C619B518-08A3-4CFC-BC22-CB0B4A63CB31}.Release|Any CPU.ActiveCfg = Release|Any CPU
		{C619B518-08A3-4CFC-BC22-CB0B4A63CB31}.Release|Any CPU.Build.0 = Release|Any CPU
	EndGlobalSection
	GlobalSection(SolutionProperties) = preSolution
		HideSolutionNode = FALSE
	EndGlobalSection
	GlobalSection(ExtensibilityGlobals) = postSolution
		SolutionGuid = {53FD2612-85BF-4DBD-A939-F65E8ED97434}
	EndGlobalSection
EndGlobal
